
Microsoft Visual Studio Solution File, Format Version 12.00
# Visual Studio Version 17
VisualStudioVersion = 17.3.32825.248
MinimumVisualStudioVersion = 10.0.40219.1
Project("{FAE04EC0-301F-11D3-BF4B-00C04F79EFBC}") = "Ristinolla", "Ristinolla\Ristinolla.csproj", "{ABB1E1CA-4286-46BC-A49E-7175A4157FAE}"
EndProject
Global
	GlobalSection(SolutionConfigurationPlatforms) = preSolution
		Debug|Any CPU = Debug|Any CPU
		Release|Any CPU = Release|Any CPU
	EndGlobalSection
	GlobalSection(ProjectConfigurationPlatforms) = postSolution
		{ABB1E1CA-4286-46BC-A49E-7175A4157FAE}.Debug|Any CPU.ActiveCfg = Debug|Any CPU
		{ABB1E1CA-4286-46BC-A49E-7175A4157FAE}.Debug|Any CPU.Build.0 = Debug|Any CPU
		{ABB1E1CA-4286-46BC-A49E-7175A4157FAE}.Release|Any CPU.ActiveCfg = Release|Any CPU
		{ABB1E1CA-4286-46BC-A49E-7175A4157FAE}.Release|Any CPU.Build.0 = Release|Any CPU
	EndGlobalSection
	GlobalSection(SolutionProperties) = preSolution
		HideSolutionNode = FALSE
	EndGlobalSection
	GlobalSection(ExtensibilityGlobals) = postSolution
		SolutionGuid = {A7871D6F-651D-465F-8CB0-1BE05BDC4024}
	EndGlobalSection
EndGlobal
